// !$*UTF8*$!
{
	archiveVersion = 1;
	classes = {
	};
	objectVersion = 46;
	objects = {

/* Begin PBXBuildFile section */
		CF52E46CB196A9220A86876E /* LaunchScreen.storyboard in Resources */ = {isa = PBXBuildFile; fileRef = CF52E6166B79FBC783D7EBF7 /* LaunchScreen.storyboard */; };
		CF52E4D1D4BC4CB990822985 /* Assets.xcassets in Resources */ = {isa = PBXBuildFile; fileRef = CF52E9000E2BBCC172F1F3D9 /* Assets.xcassets */; };
		CF52E5BB8B24A9E28EDF5812 /* ViewController.swift in Sources */ = {isa = PBXBuildFile; fileRef = CF52E121C0CE4F1E75168815 /* ViewController.swift */; };
		CF52EB3C81050CC04F17B882 /* Main.storyboard in Resources */ = {isa = PBXBuildFile; fileRef = CF52EC83ABFDF70E24CA7FE9 /* Main.storyboard */; };
		CF52EE1FB3EAA544AC7BC5EA /* AppDelegate.swift in Sources */ = {isa = PBXBuildFile; fileRef = CF52E48493DC63A33F6CFDC1 /* AppDelegate.swift */; };
		CF52EF1C8007CF4D9F36001E /* SceneDelegate.swift in Sources */ = {isa = PBXBuildFile; fileRef = CF52E3D5F6A0E7221881FFE3 /* SceneDelegate.swift */; };
/* End PBXBuildFile section */

/* Begin PBXFileReference section */
		CF52E121C0CE4F1E75168815 /* ViewController.swift */ = {isa = PBXFileReference; lastKnownFileType = sourcecode.swift; path = ViewController.swift; sourceTree = "<group>"; };
		CF52E2D45A744D02A409AF76 /* AVAudioPlayerQueue.app */ = {isa = PBXFileReference; explicitFileType = wrapper.application; includeInIndex = 0; path = AVAudioPlayerQueue.app; sourceTree = BUILT_PRODUCTS_DIR; };
		CF52E3D5F6A0E7221881FFE3 /* SceneDelegate.swift */ = {isa = PBXFileReference; lastKnownFileType = sourcecode.swift; path = SceneDelegate.swift; sourceTree = "<group>"; };
		CF52E401C43C3C7A9DAD2459 /* Base */ = {isa = PBXFileReference; lastKnownFileType = file.storyboard; name = Base; path = Base.lproj/LaunchScreen.storyboard; sourceTree = "<group>"; };
		CF52E48493DC63A33F6CFDC1 /* AppDelegate.swift */ = {isa = PBXFileReference; lastKnownFileType = sourcecode.swift; path = AppDelegate.swift; sourceTree = "<group>"; };
		CF52E9000E2BBCC172F1F3D9 /* Assets.xcassets */ = {isa = PBXFileReference; lastKnownFileType = folder.assetcatalog; path = Assets.xcassets; sourceTree = "<group>"; };
		CF52EBA00A016E1E41751806 /* Info.plist */ = {isa = PBXFileReference; lastKnownFileType = text.plist.info; path = Info.plist; sourceTree = "<group>"; };
		CF52EF30846CC0F79C5AD20A /* Base */ = {isa = PBXFileReference; lastKnownFileType = file.storyboard; name = Base; path = Base.lproj/Main.storyboard; sourceTree = "<group>"; };
/* End PBXFileReference section */

/* Begin PBXFrameworksBuildPhase section */
		CF52E35D435394A639865FC0 /* Frameworks */ = {
			isa = PBXFrameworksBuildPhase;
			buildActionMask = 2147483647;
			files = (
			);
			runOnlyForDeploymentPostprocessing = 0;
		};
/* End PBXFrameworksBuildPhase section */

/* Begin PBXGroup section */
		CF52E56FB85B7C7542DB37DF /* Products */ = {
			isa = PBXGroup;
			children = (
				CF52E2D45A744D02A409AF76 /* AVAudioPlayerQueue.app */,
			);
			name = Products;
			sourceTree = "<group>";
		};
		CF52E780EFA7C799BF45D4DA /* AVAudioPlayerQueue */ = {
			isa = PBXGroup;
			children = (
				CF52EBA00A016E1E41751806 /* Info.plist */,
				CF52E9000E2BBCC172F1F3D9 /* Assets.xcassets */,
				CF52E6166B79FBC783D7EBF7 /* LaunchScreen.storyboard */,
				CF52E48493DC63A33F6CFDC1 /* AppDelegate.swift */,
				CF52E3D5F6A0E7221881FFE3 /* SceneDelegate.swift */,
				CF52E121C0CE4F1E75168815 /* ViewController.swift */,
				CF52EC83ABFDF70E24CA7FE9 /* Main.storyboard */,
			);
			path = AVAudioPlayerQueue;
			sourceTree = "<group>";
		};
		CF52ECD565FBF6C847AA6C6A = {
			isa = PBXGroup;
			children = (
				CF52E56FB85B7C7542DB37DF /* Products */,
				CF52E780EFA7C799BF45D4DA /* AVAudioPlayerQueue */,
			);
			sourceTree = "<group>";
		};
/* End PBXGroup section */

/* Begin PBXNativeTarget section */
		CF52ED2E4769562DF718C7AA /* AVAudioPlayerQueue */ = {
			isa = PBXNativeTarget;
			buildConfigurationList = CF52E9D64301D2C5605A572B /* Build configuration list for PBXNativeTarget "AVAudioPlayerQueue" */;
			buildPhases = (
				CF52EFA4747F1735CE29D091 /* Sources */,
				CF52E35D435394A639865FC0 /* Frameworks */,
				CF52EA89392126EA8D2A28A6 /* Resources */,
			);
			buildRules = (
			);
			dependencies = (
			);
			name = AVAudioPlayerQueue;
			productName = AVAudioPlayerQueue;
			productReference = CF52E2D45A744D02A409AF76 /* AVAudioPlayerQueue.app */;
			productType = "com.apple.product-type.application";
		};
/* End PBXNativeTarget section */

/* Begin PBXProject section */
		CF52EC7A476909E21459CEE4 /* Project object */ = {
			isa = PBXProject;
			attributes = {
				ORGANIZATIONNAME = tinyport;
			};
			buildConfigurationList = CF52E6954A023D1BFA1F2703 /* Build configuration list for PBXProject "AVAudioPlayerQueue" */;
			compatibilityVersion = "Xcode 3.2";
			developmentRegion = English;
			hasScannedForEncodings = 0;
			knownRegions = (
				English,
				en,
				Base,
			);
			mainGroup = CF52ECD565FBF6C847AA6C6A;
			productRefGroup = CF52E56FB85B7C7542DB37DF /* Products */;
			projectDirPath = "";
			projectRoot = "";
			targets = (
				CF52ED2E4769562DF718C7AA /* AVAudioPlayerQueue */,
			);
		};
/* End PBXProject section */

/* Begin PBXResourcesBuildPhase section */
		CF52EA89392126EA8D2A28A6 /* Resources */ = {
			isa = PBXResourcesBuildPhase;
			buildActionMask = 2147483647;
			files = (
				CF52E4D1D4BC4CB990822985 /* Assets.xcassets in Resources */,
				CF52E46CB196A9220A86876E /* LaunchScreen.storyboard in Resources */,
				CF52EB3C81050CC04F17B882 /* Main.storyboard in Resources */,
			);
			runOnlyForDeploymentPostprocessing = 0;
		};
/* End PBXResourcesBuildPhase section */

/* Begin PBXSourcesBuildPhase section */
		CF52EFA4747F1735CE29D091 /* Sources */ = {
			isa = PBXSourcesBuildPhase;
			buildActionMask = 2147483647;
			files = (
				CF52EE1FB3EAA544AC7BC5EA /* AppDelegate.swift in Sources */,
				CF52EF1C8007CF4D9F36001E /* SceneDelegate.swift in Sources */,
				CF52E5BB8B24A9E28EDF5812 /* ViewController.swift in Sources */,
			);
			runOnlyForDeploymentPostprocessing = 0;
		};
/* End PBXSourcesBuildPhase section */

/* Begin PBXVariantGroup section */
		CF52E6166B79FBC783D7EBF7 /* LaunchScreen.storyboard */ = {
			isa = PBXVariantGroup;
			children = (
				CF52E401C43C3C7A9DAD2459 /* Base */,
			);
			name = LaunchScreen.storyboard;
			sourceTree = "<group>";
		};
		CF52EC83ABFDF70E24CA7FE9 /* Main.storyboard */ = {
			isa = PBXVariantGroup;
			children = (
				CF52EF30846CC0F79C5AD20A /* Base */,
			);
			name = Main.storyboard;
			sourceTree = "<group>";
		};
/* End PBXVariantGroup section */

/* Begin XCBuildConfiguration section */
		CF52E8B712B8EC7D94A515A1 /* Debug */ = {
			isa = XCBuildConfiguration;
			buildSettings = {
				ASSETCATALOG_COMPILER_APPICON_NAME = AppIcon;
				INFOPLIST_FILE = AVAudioPlayerQueue/Info.plist;
				LD_RUNPATH_SEARCH_PATHS = "$(inherited) @executable_path/Frameworks";
				PRODUCT_BUNDLE_IDENTIFIER = jp.tinyport.AVAudioPlayerQueue;
				PRODUCT_NAME = "$(TARGET_NAME)";
				SWIFT_VERSION = 5.0;
				TARGETED_DEVICE_FAMILY = "1,2";
			};
			name = Debug;
		};
		CF52E95BD1FFBB97A58470F2 /* Release */ = {
			isa = XCBuildConfiguration;
			buildSettings = {
				ASSETCATALOG_COMPILER_APPICON_NAME = AppIcon;
				INFOPLIST_FILE = AVAudioPlayerQueue/Info.plist;
				LD_RUNPATH_SEARCH_PATHS = "$(inherited) @executable_path/Frameworks";
				PRODUCT_BUNDLE_IDENTIFIER = jp.tinyport.AVAudioPlayerQueue;
				PRODUCT_NAME = "$(TARGET_NAME)";
				SWIFT_VERSION = 5.0;
				TARGETED_DEVICE_FAMILY = "1,2";
			};
			name = Release;
		};
		CF52EBC60B9C6162CDCB4F5D /* Debug */ = {
			isa = XCBuildConfiguration;
			buildSettings = {
				ALWAYS_SEARCH_USER_PATHS = NO;
				CLANG_ANALYZER_NONNULL = YES;
				CLANG_ANALYZER_NUMBER_OBJECT_CONVERSION = YES_AGGRESSIVE;
				CLANG_CXX_LANGUAGE_STANDARD = "gnu++14";
				CLANG_CXX_LIBRARY = "libc++";
				CLANG_ENABLE_MODULES = YES;
				CLANG_ENABLE_OBJC_ARC = YES;
				CLANG_ENABLE_OBJC_WEAK = YES;
				CLANG_WARN_BLOCK_CAPTURE_AUTORELEASING = YES;
				CLANG_WARN_BOOL_CONVERSION = YES;
				CLANG_WARN_COMMA = YES;
				CLANG_WARN_CONSTANT_CONVERSION = YES;
				CLANG_WARN_DEPRECATED_OBJC_IMPLEMENTATIONS = YES;
				CLANG_WARN_DIRECT_OBJC_ISA_USAGE = YES_ERROR;
				CLANG_WARN_DOCUMENTATION_COMMENTS = YES;
				CLANG_WARN_EMPTY_BODY = YES;
				CLANG_WARN_ENUM_CONVERSION = YES;
				CLANG_WARN_INFINITE_RECURSION = YES;
				CLANG_WARN_INT_CONVERSION = YES;
				CLANG_WARN_NON_LITERAL_NULL_CONVERSION = YES;
				CLANG_WARN_OBJC_IMPLICIT_RETAIN_SELF = YES;
				CLANG_WARN_OBJC_LITERAL_CONVERSION = YES;
				CLANG_WARN_OBJC_ROOT_CLASS = YES_ERROR;
				CLANG_WARN_RANGE_LOOP_ANALYSIS = YES;
				CLANG_WARN_STRICT_PROTOTYPES = YES;
				CLANG_WARN_SUSPICIOUS_MOVE = YES;
				CLANG_WARN_UNGUARDED_AVAILABILITY = YES_AGGRESSIVE;
				CLANG_WARN_UNREACHABLE_CODE = YES;
				CLANG_WARN__DUPLICATE_METHOD_MATCH = YES;
				COPY_PHASE_STRIP = NO;
				DEBUG_INFORMATION_FORMAT = dwarf;
				ENABLE_STRICT_OBJC_MSGSEND = YES;
				ENABLE_TESTABILITY = YES;
				GCC_C_LANGUAGE_STANDARD = gnu11;
				GCC_DYNAMIC_NO_PIC = NO;
				GCC_NO_COMMON_BLOCKS = YES;
				GCC_OPTIMIZATION_LEVEL = 0;
				GCC_PREPROCESSOR_DEFINITIONS = (
					"DEBUG=1",
					"$(inherited)",
				);
				GCC_WARN_64_TO_32_BIT_CONVERSION = YES;
				GCC_WARN_ABOUT_RETURN_TYPE = YES_ERROR;
				GCC_WARN_UNDECLARED_SELECTOR = YES;
				GCC_WARN_UNINITIALIZED_AUTOS = YES_AGGRESSIVE;
				GCC_WARN_UNUSED_FUNCTION = YES;
				GCC_WARN_UNUSED_VARIABLE = YES;
				IPHONEOS_DEPLOYMENT_TARGET = 13.2;
				MTL_ENABLE_DEBUG_INFO = INCLUDE_SOURCE;
				MTL_FAST_MATH = YES;
				ONLY_ACTIVE_ARCH = YES;
				SDKROOT = iphoneos;
				SWIFT_ACTIVE_COMPILATION_CONDITIONS = DEBUG;
				SWIFT_OPTIMIZATION_LEVEL = "-Onone";
			};
			name = Debug;
		};
		CF52ECF967FB0CE037E6357D /* Release */ = {
			isa = XCBuildConfiguration;
			buildSettings = {
				ALWAYS_SEARCH_USER_PATHS = NO;
				CLANG_ANALYZER_NONNULL = YES;
				CLANG_ANALYZER_NUMBER_OBJECT_CONVERSION = YES_AGGRESSIVE;
				CLANG_CXX_LANGUAGE_STANDARD = "gnu++14";
				CLANG_CXX_LIBRARY = "libc++";
				CLANG_ENABLE_MODULES = YES;
				CLANG_ENABLE_OBJC_ARC = YES;
				CLANG_ENABLE_OBJC_WEAK = YES;
				CLANG_WARN_BLOCK_CAPTURE_AUTORELEASING = YES;
				CLANG_WARN_BOOL_CONVERSION = YES;
				CLANG_WARN_COMMA = YES;
				CLANG_WARN_CONSTANT_CONVERSION = YES;
				CLANG_WARN_DEPRECATED_OBJC_IMPLEMENTATIONS = YES;
				CLANG_WARN_DIRECT_OBJC_ISA_USAGE = YES_ERROR;
				CLANG_WARN_DOCUMENTATION_COMMENTS = YES;
				CLANG_WARN_EMPTY_BODY = YES;
				CLANG_WARN_ENUM_CONVERSION = YES;
				CLANG_WARN_INFINITE_RECURSION = YES;
				CLANG_WARN_INT_CONVERSION = YES;
				CLANG_WARN_NON_LITERAL_NULL_CONVERSION = YES;
				CLANG_WARN_OBJC_IMPLICIT_RETAIN_SELF = YES;
				CLANG_WARN_OBJC_LITERAL_CONVERSION = YES;
				CLANG_WARN_OBJC_ROOT_CLASS = YES_ERROR;
				CLANG_WARN_RANGE_LOOP_ANALYSIS = YES;
				CLANG_WARN_STRICT_PROTOTYPES = YES;
				CLANG_WARN_SUSPICIOUS_MOVE = YES;
				CLANG_WARN_UNGUARDED_AVAILABILITY = YES_AGGRESSIVE;
				CLANG_WARN_UNREACHABLE_CODE = YES;
				CLANG_WARN__DUPLICATE_METHOD_MATCH = YES;
				COPY_PHASE_STRIP = NO;
				DEBUG_INFORMATION_FORMAT = "dwarf-with-dsym";
				ENABLE_NS_ASSERTIONS = NO;
				ENABLE_STRICT_OBJC_MSGSEND = YES;
				GCC_C_LANGUAGE_STANDARD = gnu11;
				GCC_NO_COMMON_BLOCKS = YES;
				GCC_WARN_64_TO_32_BIT_CONVERSION = YES;
				GCC_WARN_ABOUT_RETURN_TYPE = YES_ERROR;
				GCC_WARN_UNDECLARED_SELECTOR = YES;
				GCC_WARN_UNINITIALIZED_AUTOS = YES_AGGRESSIVE;
				GCC_WARN_UNUSED_FUNCTION = YES;
				GCC_WARN_UNUSED_VARIABLE = YES;
				IPHONEOS_DEPLOYMENT_TARGET = 13.2;
				MTL_ENABLE_DEBUG_INFO = NO;
				MTL_FAST_MATH = YES;
				SDKROOT = iphoneos;
				SWIFT_OPTIMIZATION_LEVEL = "-Owholemodule";
				VALIDATE_PRODUCT = YES;
			};
			name = Release;
		};
/* End XCBuildConfiguration section */

/* Begin XCConfigurationList section */
		CF52E6954A023D1BFA1F2703 /* Build configuration list for PBXProject "AVAudioPlayerQueue" */ = {
			isa = XCConfigurationList;
			buildConfigurations = (
				CF52EBC60B9C6162CDCB4F5D /* Debug */,
				CF52ECF967FB0CE037E6357D /* Release */,
			);
			defaultConfigurationIsVisible = 0;
			defaultConfigurationName = Release;
		};
		CF52E9D64301D2C5605A572B /* Build configuration list for PBXNativeTarget "AVAudioPlayerQueue" */ = {
			isa = XCConfigurationList;
			buildConfigurations = (
				CF52E8B712B8EC7D94A515A1 /* Debug */,
				CF52E95BD1FFBB97A58470F2 /* Release */,
			);
			defaultConfigurationIsVisible = 0;
			defaultConfigurationName = Release;
		};
/* End XCConfigurationList section */
	};
	rootObject = CF52EC7A476909E21459CEE4 /* Project object */;
}
